# This file is automatically @generated by Cargo.
# It is not intended for manual editing.
[[package]]
name = "escape_qiling_sandbox"
version = "0.1.0"
dependencies = [
 "openat",
]

[[package]]
name = "libc"
version = "0.2.114"
source = "registry+https://github.com/rust-lang/crates.io-index"
checksum = "b0005d08a8f7b65fb8073cb697aa0b12b631ed251ce73d862ce50eeb52ce3b50"

[[package]]
name = "openat"
version = "0.1.21"
source = "registry+https://github.com/rust-lang/crates.io-index"
checksum = "95aa7c05907b3ebde2610d602f4ddd992145cc6a84493647c30396f30ba83abe"
dependencies = [
 "libc",
]
